
Microsoft Visual Studio Solution File, Format Version 12.00
# Visual Studio Version 16
VisualStudioVersion = 16.0.30517.126
MinimumVisualStudioVersion = 10.0.40219.1
Project("{FAE04EC0-301F-11D3-BF4B-00C04F79EFBC}") = "WebAPI", "WebAPI.csproj", "{F4D554E7-B645-40F8-A1E3-9BE7B094D33A}"
EndProject
Global
	GlobalSection(SolutionConfigurationPlatforms) = preSolution
		Debug|Any CPU = Debug|Any CPU
		Release|Any CPU = Release|Any CPU
	EndGlobalSection
	GlobalSection(ProjectConfigurationPlatforms) = postSolution
		{F4D554E7-B645-40F8-A1E3-9BE7B094D33A}.Debug|Any CPU.ActiveCfg = Debug|Any CPU
		{F4D554E7-B645-40F8-A1E3-9BE7B094D33A}.Debug|Any CPU.Build.0 = Debug|Any CPU
		{F4D554E7-B645-40F8-A1E3-9BE7B094D33A}.Release|Any CPU.ActiveCfg = Release|Any CPU
		{F4D554E7-B645-40F8-A1E3-9BE7B094D33A}.Release|Any CPU.Build.0 = Release|Any CPU
	EndGlobalSection
	GlobalSection(SolutionProperties) = preSolution
		HideSolutionNode = FALSE
	EndGlobalSection
	GlobalSection(ExtensibilityGlobals) = postSolution
		SolutionGuid = {39ABD35E-BC11-4DEE-8DEA-C512A8DD7DAC}
	EndGlobalSection
EndGlobal
